
Microsoft Visual Studio Solution File, Format Version 12.00
# Visual Studio Version 17
VisualStudioVersion = 17.0.31903.59
MinimumVisualStudioVersion = 10.0.40219.1
Project("{FAE04EC0-301F-11D3-BF4B-00C04F79EFBC}") = "learningLibrary", "learningLibrary\learningLibrary.csproj", "{A9305F39-CB3A-445A-AC75-758EE89B1876}"
EndProject
Project("{FAE04EC0-301F-11D3-BF4B-00C04F79EFBC}") = "HWRK-25-27-29-extra", "HWRK-25-27-29-extra\HWRK-25-27-29-extra.csproj", "{7D7A4CB0-2BE3-46B6-BF4D-0BCBAF7BF4C0}"
EndProject
Global
	GlobalSection(SolutionConfigurationPlatforms) = preSolution
		Debug|Any CPU = Debug|Any CPU
		Release|Any CPU = Release|Any CPU
	EndGlobalSection
	GlobalSection(SolutionProperties) = preSolution
		HideSolutionNode = FALSE
	EndGlobalSection
	GlobalSection(ProjectConfigurationPlatforms) = postSolution
		{A9305F39-CB3A-445A-AC75-758EE89B1876}.Debug|Any CPU.ActiveCfg = Debug|Any CPU
		{A9305F39-CB3A-445A-AC75-758EE89B1876}.Debug|Any CPU.Build.0 = Debug|Any CPU
		{A9305F39-CB3A-445A-AC75-758EE89B1876}.Release|Any CPU.ActiveCfg = Release|Any CPU
		{A9305F39-CB3A-445A-AC75-758EE89B1876}.Release|Any CPU.Build.0 = Release|Any CPU
		{7D7A4CB0-2BE3-46B6-BF4D-0BCBAF7BF4C0}.Debug|Any CPU.ActiveCfg = Debug|Any CPU
		{7D7A4CB0-2BE3-46B6-BF4D-0BCBAF7BF4C0}.Debug|Any CPU.Build.0 = Debug|Any CPU
		{7D7A4CB0-2BE3-46B6-BF4D-0BCBAF7BF4C0}.Release|Any CPU.ActiveCfg = Release|Any CPU
		{7D7A4CB0-2BE3-46B6-BF4D-0BCBAF7BF4C0}.Release|Any CPU.Build.0 = Release|Any CPU
	EndGlobalSection
EndGlobal
